
Microsoft Visual Studio Solution File, Format Version 10.00
# Visual Studio 2008
Project("{8BC9CEB8-8B4A-11D0-8D11-00A0C91BC942}") = "skins", "skins.vcproj", "{F5F5EA6E-F648-4174-8419-D6CA41DF0A11}"
EndProject
Global
	GlobalSection(SolutionConfigurationPlatforms) = preSolution
		Debug|Win32 = Debug|Win32
		Release|Win32 = Release|Win32
		Unicode Debug|Win32 = Unicode Debug|Win32
		Unicode Release|Win32 = Unicode Release|Win32
	EndGlobalSection
	GlobalSection(ProjectConfigurationPlatforms) = postSolution
		{F5F5EA6E-F648-4174-8419-D6CA41DF0A11}.Debug|Win32.ActiveCfg = Debug|Win32
		{F5F5EA6E-F648-4174-8419-D6CA41DF0A11}.Debug|Win32.Build.0 = Debug|Win32
		{F5F5EA6E-F648-4174-8419-D6CA41DF0A11}.Release|Win32.ActiveCfg = Release|Win32
		{F5F5EA6E-F648-4174-8419-D6CA41DF0A11}.Release|Win32.Build.0 = Release|Win32
		{F5F5EA6E-F648-4174-8419-D6CA41DF0A11}.Unicode Debug|Win32.ActiveCfg = Unicode Debug|Win32
		{F5F5EA6E-F648-4174-8419-D6CA41DF0A11}.Unicode Debug|Win32.Build.0 = Unicode Debug|Win32
		{F5F5EA6E-F648-4174-8419-D6CA41DF0A11}.Unicode Release|Win32.ActiveCfg = Unicode Release|Win32
		{F5F5EA6E-F648-4174-8419-D6CA41DF0A11}.Unicode Release|Win32.Build.0 = Unicode Release|Win32
	EndGlobalSection
	GlobalSection(SolutionProperties) = preSolution
		HideSolutionNode = FALSE
	EndGlobalSection
EndGlobal
