<?xml version="1.0" encoding="utf-8"?>
<Project ToolsVersion="4.0" xmlns="http://schemas.microsoft.com/developer/msbuild/2003">
  <ItemGroup>
    <Filter Include="Header Files">
      <UniqueIdentifier>{c4436ad6-20e3-45a3-bd48-6025c13e4666}</UniqueIdentifier>
      <Extensions>h;hpp;hxx;hm;inl</Extensions>
    </Filter>
    <Filter Include="Resource Files">
      <UniqueIdentifier>{8bc97077-747a-49d9-874f-63ad6532e255}</UniqueIdentifier>
      <Extensions>ico;cur;bmp;dlg;rc2;rct;bin;rgs;gif;jpg;jpeg;jpe</Extensions>
    </Filter>
    <Filter Include="Source Files">
      <UniqueIdentifier>{600af091-8965-4e7c-9c43-b2aa8819b39b}</UniqueIdentifier>
      <Extensions>cpp;c;cxx;rc;def;r;odl;idl;hpj;bat</Extensions>
    </Filter>
    <Filter Include="Docs">
      <UniqueIdentifier>{7ddc6033-2362-43b9-bdeb-a650ffc43845}</UniqueIdentifier>
    </Filter>
  </ItemGroup>
  <ItemGroup>
    <ClInclude Include="commons.h">
      <Filter>Header Files</Filter>
    </ClInclude>
    <ClInclude Include="..\utils\ContactAsyncQueue.h">
      <Filter>Header Files</Filter>
    </ClInclude>
    <ClInclude Include="m_historykeeper.h">
      <Filter>Header Files</Filter>
    </ClInclude>
    <ClInclude Include="..\utils\mir_buffer.h">
      <Filter>Header Files</Filter>
    </ClInclude>
    <ClInclude Include="..\utils\mir_memory.h">
      <Filter>Header Files</Filter>
    </ClInclude>
    <ClInclude Include="..\utils\mir_options.h">
      <Filter>Header Files</Filter>
    </ClInclude>
    <ClInclude Include="options.h">
      <Filter>Header Files</Filter>
    </ClInclude>
    <ClInclude Include="popup.h">
      <Filter>Header Files</Filter>
    </ClInclude>
    <ClInclude Include="resource.h">
      <Filter>Header Files</Filter>
    </ClInclude>
  </ItemGroup>
  <ItemGroup>
    <ResourceCompile Include="resource.rc">
      <Filter>Resource Files</Filter>
    </ResourceCompile>
  </ItemGroup>
  <ItemGroup>
    <ClCompile Include="config.cpp">
      <Filter>Source Files</Filter>
    </ClCompile>
    <ClCompile Include="..\utils\ContactAsyncQueue.cpp">
      <Filter>Source Files</Filter>
    </ClCompile>
    <ClCompile Include="historykeeper.cpp">
      <Filter>Source Files</Filter>
    </ClCompile>
    <ClCompile Include="..\utils\mir_options.cpp">
      <Filter>Source Files</Filter>
    </ClCompile>
    <ClCompile Include="options.cpp">
      <Filter>Source Files</Filter>
    </ClCompile>
    <ClCompile Include="popup.cpp">
      <Filter>Source Files</Filter>
    </ClCompile>
  </ItemGroup>
  <ItemGroup>
    <CustomBuild Include="res\client_change.ico">
      <Filter>Resource Files</Filter>
    </CustomBuild>
    <CustomBuild Include="res\file.ico">
      <Filter>Resource Files</Filter>
    </CustomBuild>
    <CustomBuild Include="res\history.ico">
      <Filter>Resource Files</Filter>
    </CustomBuild>
    <CustomBuild Include="res\idle_change.ico">
      <Filter>Resource Files</Filter>
    </CustomBuild>
    <CustomBuild Include="res\listening_change.ico">
      <Filter>Resource Files</Filter>
    </CustomBuild>
    <CustomBuild Include="res\nick_change.ico">
      <Filter>Resource Files</Filter>
    </CustomBuild>
    <CustomBuild Include="res\nickname_change.ico">
      <Filter>Resource Files</Filter>
    </CustomBuild>
    <CustomBuild Include="res\popup.ico">
      <Filter>Resource Files</Filter>
    </CustomBuild>
    <CustomBuild Include="res\sm_change.ico">
      <Filter>Resource Files</Filter>
    </CustomBuild>
    <CustomBuild Include="res\smalldot.ico">
      <Filter>Resource Files</Filter>
    </CustomBuild>
    <CustomBuild Include="res\sound.ico">
      <Filter>Resource Files</Filter>
    </CustomBuild>
    <CustomBuild Include="res\speak.ico">
      <Filter>Resource Files</Filter>
    </CustomBuild>
    <CustomBuild Include="res\status_change.ico">
      <Filter>Resource Files</Filter>
    </CustomBuild>
    <CustomBuild Include="res\xsm_change.ico">
      <Filter>Resource Files</Filter>
    </CustomBuild>
    <CustomBuild Include="res\xstatus_change.ico">
      <Filter>Resource Files</Filter>
    </CustomBuild>
    <CustomBuild Include="Docs\historykeeper_changelog.txt">
      <Filter>Docs</Filter>
    </CustomBuild>
    <CustomBuild Include="Docs\historykeeper_readme.txt">
      <Filter>Docs</Filter>
    </CustomBuild>
    <CustomBuild Include="Docs\historykeeper_version.txt">
      <Filter>Docs</Filter>
    </CustomBuild>
    <CustomBuild Include="Docs\langpack_historykeeper.txt">
      <Filter>Docs</Filter>
    </CustomBuild>
  </ItemGroup>
</Project>