
Microsoft Visual Studio Solution File, Format Version 10.00
# Visual Studio 2008
Project("{8BC9CEB8-8B4A-11D0-8D11-00A0C91BC942}") = "sip", "sip.vcproj", "{7CFE6F6E-6913-4308-9F57-B8730F61E202}"
EndProject
Global
	GlobalSection(SolutionConfigurationPlatforms) = preSolution
		Debug|Win32 = Debug|Win32
		Release|Win32 = Release|Win32
		Unicode Debug|Win32 = Unicode Debug|Win32
		Unicode Release|Win32 = Unicode Release|Win32
	EndGlobalSection
	GlobalSection(ProjectConfigurationPlatforms) = postSolution
		{7CFE6F6E-6913-4308-9F57-B8730F61E202}.Debug|Win32.ActiveCfg = Debug|Win32
		{7CFE6F6E-6913-4308-9F57-B8730F61E202}.Debug|Win32.Build.0 = Debug|Win32
		{7CFE6F6E-6913-4308-9F57-B8730F61E202}.Release|Win32.ActiveCfg = Release|Win32
		{7CFE6F6E-6913-4308-9F57-B8730F61E202}.Release|Win32.Build.0 = Release|Win32
		{7CFE6F6E-6913-4308-9F57-B8730F61E202}.Unicode Debug|Win32.ActiveCfg = Unicode Debug|Win32
		{7CFE6F6E-6913-4308-9F57-B8730F61E202}.Unicode Debug|Win32.Build.0 = Unicode Debug|Win32
		{7CFE6F6E-6913-4308-9F57-B8730F61E202}.Unicode Release|Win32.ActiveCfg = Unicode Release|Win32
		{7CFE6F6E-6913-4308-9F57-B8730F61E202}.Unicode Release|Win32.Build.0 = Unicode Release|Win32
	EndGlobalSection
	GlobalSection(SolutionProperties) = preSolution
		HideSolutionNode = FALSE
	EndGlobalSection
EndGlobal
